
Microsoft Visual Studio Solution File, Format Version 12.00
# Visual Studio 14
VisualStudioVersion = 14.0.25420.1
MinimumVisualStudioVersion = 10.0.40219.1
Project("{FAE04EC0-301F-11D3-BF4B-00C04F79EFBC}") = "BVPS.App", "Com.Gosol.LIS.App\BVPS.App.csproj", "{C1B6FAEB-A600-44D0-885A-13745616C12F}"
EndProject
Project("{FAE04EC0-301F-11D3-BF4B-00C04F79EFBC}") = "BVPS.Model", "BVPS.Model\BVPS.Model.csproj", "{CB77ADF5-C1E7-4985-BADA-7FF6BE9C9DFC}"
EndProject
Project("{FAE04EC0-301F-11D3-BF4B-00C04F79EFBC}") = "BVPS.DB", "BVPS.DB\BVPS.DB.csproj", "{06BB9E00-E7A3-456D-A11A-FE9F473004E0}"
EndProject
Project("{FAE04EC0-301F-11D3-BF4B-00C04F79EFBC}") = "BVPS.MiniApp", "BVPS.ServiceCheckFPForm\BVPS.MiniApp.csproj", "{F5990721-1A12-454A-9E75-B8EC3DCDEFE0}"
EndProject
Project("{FAE04EC0-301F-11D3-BF4B-00C04F79EFBC}") = "SyncMailClient", "SyncMailClient\SyncMailClient.csproj", "{1AFDEBFA-25E7-4D8A-9396-248271B85E64}"
EndProject
Project("{FAE04EC0-301F-11D3-BF4B-00C04F79EFBC}") = "ServiceCenter", "ServiceCenter\ServiceCenter.csproj", "{6174FCE1-9EA4-46DB-91C3-767F7AAB11F8}"
EndProject
Project("{FAE04EC0-301F-11D3-BF4B-00C04F79EFBC}") = "DBLib", "DBLib\DBLib.csproj", "{3413CAA4-C160-466E-96AB-196EEAA9E799}"
EndProject
Project("{54435603-DBB4-11D2-8724-00A0C9A8B90C}") = "htss", "htss\htss.vdproj", "{D24B2A99-D230-4C62-ACEF-64213A630D29}"
EndProject
Project("{54435603-DBB4-11D2-8724-00A0C9A8B90C}") = "SyncTTHTSS", "SyncTTHTSS\SyncTTHTSS.vdproj", "{E3DB3A91-BACC-4DAB-8D10-6E132C684686}"
EndProject
Project("{54435603-DBB4-11D2-8724-00A0C9A8B90C}") = "SyncTTCNTT", "SyncTTCNTT\SyncTTCNTT.vdproj", "{9E4E724D-C0EB-4D6A-BEEE-8BF055CD5EF5}"
EndProject
Global
	GlobalSection(SolutionConfigurationPlatforms) = preSolution
		CD_ROM|Any CPU = CD_ROM|Any CPU
		CD_ROM|x64 = CD_ROM|x64
		Debug|Any CPU = Debug|Any CPU
		Debug|x64 = Debug|x64
		DVD-5|Any CPU = DVD-5|Any CPU
		DVD-5|x64 = DVD-5|x64
		Release|Any CPU = Release|Any CPU
		Release|x64 = Release|x64
		SingleImage|Any CPU = SingleImage|Any CPU
		SingleImage|x64 = SingleImage|x64
	EndGlobalSection
	GlobalSection(ProjectConfigurationPlatforms) = postSolution
		{C1B6FAEB-A600-44D0-885A-13745616C12F}.CD_ROM|Any CPU.ActiveCfg = Release|Any CPU
		{C1B6FAEB-A600-44D0-885A-13745616C12F}.CD_ROM|Any CPU.Build.0 = Release|Any CPU
		{C1B6FAEB-A600-44D0-885A-13745616C12F}.CD_ROM|x64.ActiveCfg = Release|x64
		{C1B6FAEB-A600-44D0-885A-13745616C12F}.CD_ROM|x64.Build.0 = Release|x64
		{C1B6FAEB-A600-44D0-885A-13745616C12F}.Debug|Any CPU.ActiveCfg = Debug|Any CPU
		{C1B6FAEB-A600-44D0-885A-13745616C12F}.Debug|Any CPU.Build.0 = Debug|Any CPU
		{C1B6FAEB-A600-44D0-885A-13745616C12F}.Debug|x64.ActiveCfg = Debug|x64
		{C1B6FAEB-A600-44D0-885A-13745616C12F}.Debug|x64.Build.0 = Debug|x64
		{C1B6FAEB-A600-44D0-885A-13745616C12F}.DVD-5|Any CPU.ActiveCfg = Debug|Any CPU
		{C1B6FAEB-A600-44D0-885A-13745616C12F}.DVD-5|Any CPU.Build.0 = Debug|Any CPU
		{C1B6FAEB-A600-44D0-885A-13745616C12F}.DVD-5|x64.ActiveCfg = Debug|x64
		{C1B6FAEB-A600-44D0-885A-13745616C12F}.DVD-5|x64.Build.0 = Debug|x64
		{C1B6FAEB-A600-44D0-885A-13745616C12F}.Release|Any CPU.ActiveCfg = Release|Any CPU
		{C1B6FAEB-A600-44D0-885A-13745616C12F}.Release|Any CPU.Build.0 = Release|Any CPU
		{C1B6FAEB-A600-44D0-885A-13745616C12F}.Release|x64.ActiveCfg = Release|x64
		{C1B6FAEB-A600-44D0-885A-13745616C12F}.Release|x64.Build.0 = Release|x64
		{C1B6FAEB-A600-44D0-885A-13745616C12F}.SingleImage|Any CPU.ActiveCfg = Release|Any CPU
		{C1B6FAEB-A600-44D0-885A-13745616C12F}.SingleImage|Any CPU.Build.0 = Release|Any CPU
		{C1B6FAEB-A600-44D0-885A-13745616C12F}.SingleImage|x64.ActiveCfg = Release|x64
		{C1B6FAEB-A600-44D0-885A-13745616C12F}.SingleImage|x64.Build.0 = Release|x64
		{CB77ADF5-C1E7-4985-BADA-7FF6BE9C9DFC}.CD_ROM|Any CPU.ActiveCfg = Release|Any CPU
		{CB77ADF5-C1E7-4985-BADA-7FF6BE9C9DFC}.CD_ROM|Any CPU.Build.0 = Release|Any CPU
		{CB77ADF5-C1E7-4985-BADA-7FF6BE9C9DFC}.CD_ROM|x64.ActiveCfg = Release|x64
		{CB77ADF5-C1E7-4985-BADA-7FF6BE9C9DFC}.CD_ROM|x64.Build.0 = Release|x64
		{CB77ADF5-C1E7-4985-BADA-7FF6BE9C9DFC}.Debug|Any CPU.ActiveCfg = Debug|Any CPU
		{CB77ADF5-C1E7-4985-BADA-7FF6BE9C9DFC}.Debug|Any CPU.Build.0 = Debug|Any CPU
		{CB77ADF5-C1E7-4985-BADA-7FF6BE9C9DFC}.Debug|x64.ActiveCfg = Debug|x64
		{CB77ADF5-C1E7-4985-BADA-7FF6BE9C9DFC}.Debug|x64.Build.0 = Debug|x64
		{CB77ADF5-C1E7-4985-BADA-7FF6BE9C9DFC}.DVD-5|Any CPU.ActiveCfg = Debug|Any CPU
		{CB77ADF5-C1E7-4985-BADA-7FF6BE9C9DFC}.DVD-5|Any CPU.Build.0 = Debug|Any CPU
		{CB77ADF5-C1E7-4985-BADA-7FF6BE9C9DFC}.DVD-5|x64.ActiveCfg = Debug|x64
		{CB77ADF5-C1E7-4985-BADA-7FF6BE9C9DFC}.DVD-5|x64.Build.0 = Debug|x64
		{CB77ADF5-C1E7-4985-BADA-7FF6BE9C9DFC}.Release|Any CPU.ActiveCfg = Release|Any CPU
		{CB77ADF5-C1E7-4985-BADA-7FF6BE9C9DFC}.Release|Any CPU.Build.0 = Release|Any CPU
		{CB77ADF5-C1E7-4985-BADA-7FF6BE9C9DFC}.Release|x64.ActiveCfg = Release|x64
		{CB77ADF5-C1E7-4985-BADA-7FF6BE9C9DFC}.Release|x64.Build.0 = Release|x64
		{CB77ADF5-C1E7-4985-BADA-7FF6BE9C9DFC}.SingleImage|Any CPU.ActiveCfg = Release|Any CPU
		{CB77ADF5-C1E7-4985-BADA-7FF6BE9C9DFC}.SingleImage|Any CPU.Build.0 = Release|Any CPU
		{CB77ADF5-C1E7-4985-BADA-7FF6BE9C9DFC}.SingleImage|x64.ActiveCfg = Release|x64
		{CB77ADF5-C1E7-4985-BADA-7FF6BE9C9DFC}.SingleImage|x64.Build.0 = Release|x64
		{06BB9E00-E7A3-456D-A11A-FE9F473004E0}.CD_ROM|Any CPU.ActiveCfg = Release|Any CPU
		{06BB9E00-E7A3-456D-A11A-FE9F473004E0}.CD_ROM|Any CPU.Build.0 = Release|Any CPU
		{06BB9E00-E7A3-456D-A11A-FE9F473004E0}.CD_ROM|x64.ActiveCfg = Release|x64
		{06BB9E00-E7A3-456D-A11A-FE9F473004E0}.CD_ROM|x64.Build.0 = Release|x64
		{06BB9E00-E7A3-456D-A11A-FE9F473004E0}.Debug|Any CPU.ActiveCfg = Debug|Any CPU
		{06BB9E00-E7A3-456D-A11A-FE9F473004E0}.Debug|Any CPU.Build.0 = Debug|Any CPU
		{06BB9E00-E7A3-456D-A11A-FE9F473004E0}.Debug|x64.ActiveCfg = Debug|x64
		{06BB9E00-E7A3-456D-A11A-FE9F473004E0}.Debug|x64.Build.0 = Debug|x64
		{06BB9E00-E7A3-456D-A11A-FE9F473004E0}.DVD-5|Any CPU.ActiveCfg = Debug|Any CPU
		{06BB9E00-E7A3-456D-A11A-FE9F473004E0}.DVD-5|Any CPU.Build.0 = Debug|Any CPU
		{06BB9E00-E7A3-456D-A11A-FE9F473004E0}.DVD-5|x64.ActiveCfg = Debug|x64
		{06BB9E00-E7A3-456D-A11A-FE9F473004E0}.DVD-5|x64.Build.0 = Debug|x64
		{06BB9E00-E7A3-456D-A11A-FE9F473004E0}.Release|Any CPU.ActiveCfg = Release|Any CPU
		{06BB9E00-E7A3-456D-A11A-FE9F473004E0}.Release|Any CPU.Build.0 = Release|Any CPU
		{06BB9E00-E7A3-456D-A11A-FE9F473004E0}.Release|x64.ActiveCfg = Release|x64
		{06BB9E00-E7A3-456D-A11A-FE9F473004E0}.Release|x64.Build.0 = Release|x64
		{06BB9E00-E7A3-456D-A11A-FE9F473004E0}.SingleImage|Any CPU.ActiveCfg = Release|Any CPU
		{06BB9E00-E7A3-456D-A11A-FE9F473004E0}.SingleImage|Any CPU.Build.0 = Release|Any CPU
		{06BB9E00-E7A3-456D-A11A-FE9F473004E0}.SingleImage|x64.ActiveCfg = Release|x64
		{06BB9E00-E7A3-456D-A11A-FE9F473004E0}.SingleImage|x64.Build.0 = Release|x64
		{F5990721-1A12-454A-9E75-B8EC3DCDEFE0}.CD_ROM|Any CPU.ActiveCfg = Release|Any CPU
		{F5990721-1A12-454A-9E75-B8EC3DCDEFE0}.CD_ROM|Any CPU.Build.0 = Release|Any CPU
		{F5990721-1A12-454A-9E75-B8EC3DCDEFE0}.CD_ROM|x64.ActiveCfg = Release|Any CPU
		{F5990721-1A12-454A-9E75-B8EC3DCDEFE0}.CD_ROM|x64.Build.0 = Release|Any CPU
		{F5990721-1A12-454A-9E75-B8EC3DCDEFE0}.Debug|Any CPU.ActiveCfg = Debug|Any CPU
		{F5990721-1A12-454A-9E75-B8EC3DCDEFE0}.Debug|Any CPU.Build.0 = Debug|Any CPU
		{F5990721-1A12-454A-9E75-B8EC3DCDEFE0}.Debug|x64.ActiveCfg = Debug|Any CPU
		{F5990721-1A12-454A-9E75-B8EC3DCDEFE0}.Debug|x64.Build.0 = Debug|Any CPU
		{F5990721-1A12-454A-9E75-B8EC3DCDEFE0}.DVD-5|Any CPU.ActiveCfg = Debug|Any CPU
		{F5990721-1A12-454A-9E75-B8EC3DCDEFE0}.DVD-5|Any CPU.Build.0 = Debug|Any CPU
		{F5990721-1A12-454A-9E75-B8EC3DCDEFE0}.DVD-5|x64.ActiveCfg = Debug|Any CPU
		{F5990721-1A12-454A-9E75-B8EC3DCDEFE0}.DVD-5|x64.Build.0 = Debug|Any CPU
		{F5990721-1A12-454A-9E75-B8EC3DCDEFE0}.Release|Any CPU.ActiveCfg = Release|Any CPU
		{F5990721-1A12-454A-9E75-B8EC3DCDEFE0}.Release|Any CPU.Build.0 = Release|Any CPU
		{F5990721-1A12-454A-9E75-B8EC3DCDEFE0}.Release|x64.ActiveCfg = Release|Any CPU
		{F5990721-1A12-454A-9E75-B8EC3DCDEFE0}.Release|x64.Build.0 = Release|Any CPU
		{F5990721-1A12-454A-9E75-B8EC3DCDEFE0}.SingleImage|Any CPU.ActiveCfg = Release|Any CPU
		{F5990721-1A12-454A-9E75-B8EC3DCDEFE0}.SingleImage|Any CPU.Build.0 = Release|Any CPU
		{F5990721-1A12-454A-9E75-B8EC3DCDEFE0}.SingleImage|x64.ActiveCfg = Release|Any CPU
		{F5990721-1A12-454A-9E75-B8EC3DCDEFE0}.SingleImage|x64.Build.0 = Release|Any CPU
		{1AFDEBFA-25E7-4D8A-9396-248271B85E64}.CD_ROM|Any CPU.ActiveCfg = Release|Any CPU
		{1AFDEBFA-25E7-4D8A-9396-248271B85E64}.CD_ROM|Any CPU.Build.0 = Release|Any CPU
		{1AFDEBFA-25E7-4D8A-9396-248271B85E64}.CD_ROM|x64.ActiveCfg = Release|Any CPU
		{1AFDEBFA-25E7-4D8A-9396-248271B85E64}.CD_ROM|x64.Build.0 = Release|Any CPU
		{1AFDEBFA-25E7-4D8A-9396-248271B85E64}.Debug|Any CPU.ActiveCfg = Debug|Any CPU
		{1AFDEBFA-25E7-4D8A-9396-248271B85E64}.Debug|Any CPU.Build.0 = Debug|Any CPU
		{1AFDEBFA-25E7-4D8A-9396-248271B85E64}.Debug|x64.ActiveCfg = Debug|Any CPU
		{1AFDEBFA-25E7-4D8A-9396-248271B85E64}.Debug|x64.Build.0 = Debug|Any CPU
		{1AFDEBFA-25E7-4D8A-9396-248271B85E64}.DVD-5|Any CPU.ActiveCfg = Debug|Any CPU
		{1AFDEBFA-25E7-4D8A-9396-248271B85E64}.DVD-5|Any CPU.Build.0 = Debug|Any CPU
		{1AFDEBFA-25E7-4D8A-9396-248271B85E64}.DVD-5|x64.ActiveCfg = Debug|Any CPU
		{1AFDEBFA-25E7-4D8A-9396-248271B85E64}.DVD-5|x64.Build.0 = Debug|Any CPU
		{1AFDEBFA-25E7-4D8A-9396-248271B85E64}.Release|Any CPU.ActiveCfg = Release|Any CPU
		{1AFDEBFA-25E7-4D8A-9396-248271B85E64}.Release|Any CPU.Build.0 = Release|Any CPU
		{1AFDEBFA-25E7-4D8A-9396-248271B85E64}.Release|x64.ActiveCfg = Release|Any CPU
		{1AFDEBFA-25E7-4D8A-9396-248271B85E64}.Release|x64.Build.0 = Release|Any CPU
		{1AFDEBFA-25E7-4D8A-9396-248271B85E64}.SingleImage|Any CPU.ActiveCfg = Release|Any CPU
		{1AFDEBFA-25E7-4D8A-9396-248271B85E64}.SingleImage|Any CPU.Build.0 = Release|Any CPU
		{1AFDEBFA-25E7-4D8A-9396-248271B85E64}.SingleImage|x64.ActiveCfg = Release|Any CPU
		{1AFDEBFA-25E7-4D8A-9396-248271B85E64}.SingleImage|x64.Build.0 = Release|Any CPU
		{6174FCE1-9EA4-46DB-91C3-767F7AAB11F8}.CD_ROM|Any CPU.ActiveCfg = Release|Any CPU
		{6174FCE1-9EA4-46DB-91C3-767F7AAB11F8}.CD_ROM|Any CPU.Build.0 = Release|Any CPU
		{6174FCE1-9EA4-46DB-91C3-767F7AAB11F8}.CD_ROM|x64.ActiveCfg = Release|Any CPU
		{6174FCE1-9EA4-46DB-91C3-767F7AAB11F8}.CD_ROM|x64.Build.0 = Release|Any CPU
		{6174FCE1-9EA4-46DB-91C3-767F7AAB11F8}.Debug|Any CPU.ActiveCfg = Debug|Any CPU
		{6174FCE1-9EA4-46DB-91C3-767F7AAB11F8}.Debug|Any CPU.Build.0 = Debug|Any CPU
		{6174FCE1-9EA4-46DB-91C3-767F7AAB11F8}.Debug|x64.ActiveCfg = Debug|Any CPU
		{6174FCE1-9EA4-46DB-91C3-767F7AAB11F8}.Debug|x64.Build.0 = Debug|Any CPU
		{6174FCE1-9EA4-46DB-91C3-767F7AAB11F8}.DVD-5|Any CPU.ActiveCfg = Debug|Any CPU
		{6174FCE1-9EA4-46DB-91C3-767F7AAB11F8}.DVD-5|Any CPU.Build.0 = Debug|Any CPU
		{6174FCE1-9EA4-46DB-91C3-767F7AAB11F8}.DVD-5|x64.ActiveCfg = Debug|Any CPU
		{6174FCE1-9EA4-46DB-91C3-767F7AAB11F8}.DVD-5|x64.Build.0 = Debug|Any CPU
		{6174FCE1-9EA4-46DB-91C3-767F7AAB11F8}.Release|Any CPU.ActiveCfg = Release|Any CPU
		{6174FCE1-9EA4-46DB-91C3-767F7AAB11F8}.Release|Any CPU.Build.0 = Release|Any CPU
		{6174FCE1-9EA4-46DB-91C3-767F7AAB11F8}.Release|x64.ActiveCfg = Release|Any CPU
		{6174FCE1-9EA4-46DB-91C3-767F7AAB11F8}.Release|x64.Build.0 = Release|Any CPU
		{6174FCE1-9EA4-46DB-91C3-767F7AAB11F8}.SingleImage|Any CPU.ActiveCfg = Release|Any CPU
		{6174FCE1-9EA4-46DB-91C3-767F7AAB11F8}.SingleImage|Any CPU.Build.0 = Release|Any CPU
		{6174FCE1-9EA4-46DB-91C3-767F7AAB11F8}.SingleImage|x64.ActiveCfg = Release|Any CPU
		{6174FCE1-9EA4-46DB-91C3-767F7AAB11F8}.SingleImage|x64.Build.0 = Release|Any CPU
		{3413CAA4-C160-466E-96AB-196EEAA9E799}.CD_ROM|Any CPU.ActiveCfg = Release|Any CPU
		{3413CAA4-C160-466E-96AB-196EEAA9E799}.CD_ROM|Any CPU.Build.0 = Release|Any CPU
		{3413CAA4-C160-466E-96AB-196EEAA9E799}.CD_ROM|x64.ActiveCfg = Release|Any CPU
		{3413CAA4-C160-466E-96AB-196EEAA9E799}.CD_ROM|x64.Build.0 = Release|Any CPU
		{3413CAA4-C160-466E-96AB-196EEAA9E799}.Debug|Any CPU.ActiveCfg = Debug|Any CPU
		{3413CAA4-C160-466E-96AB-196EEAA9E799}.Debug|Any CPU.Build.0 = Debug|Any CPU
		{3413CAA4-C160-466E-96AB-196EEAA9E799}.Debug|x64.ActiveCfg = Debug|Any CPU
		{3413CAA4-C160-466E-96AB-196EEAA9E799}.Debug|x64.Build.0 = Debug|Any CPU
		{3413CAA4-C160-466E-96AB-196EEAA9E799}.DVD-5|Any CPU.ActiveCfg = Debug|Any CPU
		{3413CAA4-C160-466E-96AB-196EEAA9E799}.DVD-5|Any CPU.Build.0 = Debug|Any CPU
		{3413CAA4-C160-466E-96AB-196EEAA9E799}.DVD-5|x64.ActiveCfg = Debug|Any CPU
		{3413CAA4-C160-466E-96AB-196EEAA9E799}.DVD-5|x64.Build.0 = Debug|Any CPU
		{3413CAA4-C160-466E-96AB-196EEAA9E799}.Release|Any CPU.ActiveCfg = Release|Any CPU
		{3413CAA4-C160-466E-96AB-196EEAA9E799}.Release|Any CPU.Build.0 = Release|Any CPU
		{3413CAA4-C160-466E-96AB-196EEAA9E799}.Release|x64.ActiveCfg = Release|Any CPU
		{3413CAA4-C160-466E-96AB-196EEAA9E799}.Release|x64.Build.0 = Release|Any CPU
		{3413CAA4-C160-466E-96AB-196EEAA9E799}.SingleImage|Any CPU.ActiveCfg = Release|Any CPU
		{3413CAA4-C160-466E-96AB-196EEAA9E799}.SingleImage|Any CPU.Build.0 = Release|Any CPU
		{3413CAA4-C160-466E-96AB-196EEAA9E799}.SingleImage|x64.ActiveCfg = Release|Any CPU
		{3413CAA4-C160-466E-96AB-196EEAA9E799}.SingleImage|x64.Build.0 = Release|Any CPU
		{D24B2A99-D230-4C62-ACEF-64213A630D29}.CD_ROM|Any CPU.ActiveCfg = Release
		{D24B2A99-D230-4C62-ACEF-64213A630D29}.CD_ROM|x64.ActiveCfg = Release
		{D24B2A99-D230-4C62-ACEF-64213A630D29}.Debug|Any CPU.ActiveCfg = Debug
		{D24B2A99-D230-4C62-ACEF-64213A630D29}.Debug|x64.ActiveCfg = Debug
		{D24B2A99-D230-4C62-ACEF-64213A630D29}.DVD-5|Any CPU.ActiveCfg = Debug
		{D24B2A99-D230-4C62-ACEF-64213A630D29}.DVD-5|x64.ActiveCfg = Debug
		{D24B2A99-D230-4C62-ACEF-64213A630D29}.Release|Any CPU.ActiveCfg = Release
		{D24B2A99-D230-4C62-ACEF-64213A630D29}.Release|x64.ActiveCfg = Release
		{D24B2A99-D230-4C62-ACEF-64213A630D29}.SingleImage|Any CPU.ActiveCfg = Release
		{D24B2A99-D230-4C62-ACEF-64213A630D29}.SingleImage|x64.ActiveCfg = Release
		{E3DB3A91-BACC-4DAB-8D10-6E132C684686}.CD_ROM|Any CPU.ActiveCfg = Release
		{E3DB3A91-BACC-4DAB-8D10-6E132C684686}.CD_ROM|x64.ActiveCfg = Release
		{E3DB3A91-BACC-4DAB-8D10-6E132C684686}.Debug|Any CPU.ActiveCfg = Debug
		{E3DB3A91-BACC-4DAB-8D10-6E132C684686}.Debug|x64.ActiveCfg = Debug
		{E3DB3A91-BACC-4DAB-8D10-6E132C684686}.DVD-5|Any CPU.ActiveCfg = Debug
		{E3DB3A91-BACC-4DAB-8D10-6E132C684686}.DVD-5|x64.ActiveCfg = Debug
		{E3DB3A91-BACC-4DAB-8D10-6E132C684686}.Release|Any CPU.ActiveCfg = Release
		{E3DB3A91-BACC-4DAB-8D10-6E132C684686}.Release|x64.ActiveCfg = Release
		{E3DB3A91-BACC-4DAB-8D10-6E132C684686}.SingleImage|Any CPU.ActiveCfg = Release
		{E3DB3A91-BACC-4DAB-8D10-6E132C684686}.SingleImage|x64.ActiveCfg = Release
		{9E4E724D-C0EB-4D6A-BEEE-8BF055CD5EF5}.CD_ROM|Any CPU.ActiveCfg = Release
		{9E4E724D-C0EB-4D6A-BEEE-8BF055CD5EF5}.CD_ROM|x64.ActiveCfg = Release
		{9E4E724D-C0EB-4D6A-BEEE-8BF055CD5EF5}.Debug|Any CPU.ActiveCfg = Debug
		{9E4E724D-C0EB-4D6A-BEEE-8BF055CD5EF5}.Debug|x64.ActiveCfg = Debug
		{9E4E724D-C0EB-4D6A-BEEE-8BF055CD5EF5}.DVD-5|Any CPU.ActiveCfg = Debug
		{9E4E724D-C0EB-4D6A-BEEE-8BF055CD5EF5}.DVD-5|x64.ActiveCfg = Debug
		{9E4E724D-C0EB-4D6A-BEEE-8BF055CD5EF5}.Release|Any CPU.ActiveCfg = Release
		{9E4E724D-C0EB-4D6A-BEEE-8BF055CD5EF5}.Release|x64.ActiveCfg = Release
		{9E4E724D-C0EB-4D6A-BEEE-8BF055CD5EF5}.SingleImage|Any CPU.ActiveCfg = Release
		{9E4E724D-C0EB-4D6A-BEEE-8BF055CD5EF5}.SingleImage|x64.ActiveCfg = Release
	EndGlobalSection
	GlobalSection(SolutionProperties) = preSolution
		HideSolutionNode = FALSE
	EndGlobalSection
EndGlobal
